proj_file_hash = "94ed953d5b960c4fb350ae03e9a7782a"

[[dependencies]]
name = "character"
version = "1.0.1"
path = ".fixlang/deps/character_1.0.1"

[dependencies.git]
repo = "https://github.com/tttmmmyyyy/fixlang-character.git"
rev = "fd75a6634ec0c919f2d1703112d25da9a3c2346e"

[[dependencies]]
name = "hash"
version = "1.1.1"
path = ".fixlang/deps/hash_1.1.1"

[dependencies.git]
repo = "https://github.com/tttmmmyyyy/fixlang-hash.git"
rev = "145a20913eb9c280edd616d5b9977d33303343c1"

[[dependencies]]
name = "hashmap"
version = "1.2.0"
path = ".fixlang/deps/hashmap_1.2.0"

[dependencies.git]
repo = "https://github.com/tttmmmyyyy/fixlang-hashmap.git"
rev = "a7cb58fef24d0cf11ba305faf4f764dca72ecc45"

[[dependencies]]
name = "minilib-collection"
version = "0.8.0"
path = ".fixlang/deps/minilib-collection_0.8.0"

[dependencies.git]
repo = "https://github.com/pt9999/fixlang-minilib-collection.git"
rev = "fd9fc42c1508b95198b8fd6b866f544f7086e332"

[[dependencies]]
name = "minilib-common"
version = "0.13.0"
path = ".fixlang/deps/minilib-common_0.13.0"

[dependencies.git]
repo = "https://github.com/pt9999/fixlang-minilib-common.git"
rev = "d8af3860a44a3ab19ddf6a39c809b959821cbe98"

[[dependencies]]
name = "minilib-text"
version = "0.9.2"
path = ".fixlang/deps/minilib-text_0.9.2"

[dependencies.git]
repo = "https://github.com/pt9999/fixlang-minilib-text.git"
rev = "7ef1a3e96e95edc5a99afd5be3c86d820a52b63b"

[[dependencies]]
name = "time"
version = "1.0.2"
path = ".fixlang/deps/time_1.0.2"

[dependencies.git]
repo = "https://github.com/tttmmmyyyy/fixlang-time.git"
rev = "7af8a5c115e7437f94dcb4353807c03d816856f6"
